
Microsoft Visual Studio Solution File, Format Version 12.00
# Visual Studio Version 17
VisualStudioVersion = 17.10.35004.147
MinimumVisualStudioVersion = 10.0.40219.1
Project("{FAE04EC0-301F-11D3-BF4B-00C04F79EFBC}") = "RezervasyonSistemi", "RezervasyonSistemi\RezervasyonSistemi.csproj", "{FB385E5D-EEB6-4830-88E3-54B38F95DB4E}"
EndProject
Global
	GlobalSection(SolutionConfigurationPlatforms) = preSolution
		Debug|Any CPU = Debug|Any CPU
		Release|Any CPU = Release|Any CPU
	EndGlobalSection
	GlobalSection(ProjectConfigurationPlatforms) = postSolution
		{FB385E5D-EEB6-4830-88E3-54B38F95DB4E}.Debug|Any CPU.ActiveCfg = Debug|Any CPU
		{FB385E5D-EEB6-4830-88E3-54B38F95DB4E}.Debug|Any CPU.Build.0 = Debug|Any CPU
		{FB385E5D-EEB6-4830-88E3-54B38F95DB4E}.Release|Any CPU.ActiveCfg = Release|Any CPU
		{FB385E5D-EEB6-4830-88E3-54B38F95DB4E}.Release|Any CPU.Build.0 = Release|Any CPU
	EndGlobalSection
	GlobalSection(SolutionProperties) = preSolution
		HideSolutionNode = FALSE
	EndGlobalSection
	GlobalSection(ExtensibilityGlobals) = postSolution
		SolutionGuid = {B7B68C85-A50D-48CB-8C02-6B7548EB7A4B}
	EndGlobalSection
EndGlobal
